
Microsoft Visual Studio Solution File, Format Version 12.00
# Visual Studio 15
Project("{2150E333-8FDC-42A3-9474-1A3956D46DE8}") = "Microservices", "Microservices", "{9EADBFCD-046D-4CA8-9CFE-E660752EB445}"
EndProject
Project("{2150E333-8FDC-42A3-9474-1A3956D46DE8}") = "Domain", "Domain", "{B3DCC22F-DFB0-45D3-A7B5-6642483A36BB}"
EndProject
Project("{2150E333-8FDC-42A3-9474-1A3956D46DE8}") = "Infra.Bus", "Infra.Bus", "{8A06CBC7-9EA1-405E-8265-FDAFB8EFB361}"
EndProject
Project("{2150E333-8FDC-42A3-9474-1A3956D46DE8}") = "Infra.IoC", "Infra.IoC", "{9FAE5D3E-3BC4-4F56-AC61-E1DD203C62DC}"
EndProject
Project("{2150E333-8FDC-42A3-9474-1A3956D46DE8}") = "Presentation", "Presentation", "{F4946D7C-1B54-4457-BD40-6F324C2A34FA}"
EndProject
Project("{FAE04EC0-301F-11D3-BF4B-00C04F79EFBC}") = "MicroRabbit.Domain.Core", "MicroRabbit.Domain.Core\MicroRabbit.Domain.Core.csproj", "{E45A88C7-C337-4603-96E7-6533FB32DEA1}"
EndProject
Global
	GlobalSection(SolutionConfigurationPlatforms) = preSolution
		Debug|Any CPU = Debug|Any CPU
		Release|Any CPU = Release|Any CPU
	EndGlobalSection
	GlobalSection(ProjectConfigurationPlatforms) = postSolution
		{E45A88C7-C337-4603-96E7-6533FB32DEA1}.Debug|Any CPU.ActiveCfg = Debug|Any CPU
		{E45A88C7-C337-4603-96E7-6533FB32DEA1}.Debug|Any CPU.Build.0 = Debug|Any CPU
		{E45A88C7-C337-4603-96E7-6533FB32DEA1}.Release|Any CPU.ActiveCfg = Release|Any CPU
		{E45A88C7-C337-4603-96E7-6533FB32DEA1}.Release|Any CPU.Build.0 = Release|Any CPU
	EndGlobalSection
	GlobalSection(NestedProjects) = preSolution
		{E45A88C7-C337-4603-96E7-6533FB32DEA1} = {B3DCC22F-DFB0-45D3-A7B5-6642483A36BB}
	EndGlobalSection
EndGlobal
